{
  "nodes": {
    "home-manager": {
      "inputs": {
        "nixpkgs": [
          "nixpkgs"
        ]
      },
      "locked": {
        "lastModified": 1705476964,
        "narHash": "sha256-W5OK1fnj4qdn1HWOlxV2S3YiUvfaVjQM5ldWVpGV1fs=",
        "owner": "nix-community",
        "repo": "home-manager",
        "rev": "85c3b600f660abd86e94cbcd1c46733943197a07",
        "type": "github"
      },
      "original": {
        "owner": "nix-community",
        "ref": "release-23.11",
        "repo": "home-manager",
        "type": "github"
      }
    },
    "nixpkgs": {
      "locked": {
        "lastModified": 1705504287,
        "narHash": "sha256-Ze3IH0XzpHAf+9ORX4cIsr8I4rZzh1O959nyAQOBW14=",
        "owner": "NixOS",
        "repo": "nixpkgs",
        "rev": "e64e1e95e3b072cfd7d7f502bea4654234d7f118",
        "type": "github"
      },
      "original": {
        "owner": "NixOS",
        "ref": "release-23.11",
        "repo": "nixpkgs",
        "type": "github"
      }
    },
    "root": {
      "inputs": {
        "home-manager": "home-manager",
        "nixpkgs": "nixpkgs"
      }
    }
  },
  "root": "root",
  "version": 7
}
